
Microsoft Visual Studio Solution File, Format Version 10.00
# Visual Studio 2008
Project("{F14B399A-7131-4C87-9E4B-1186C45EF12D}") = "Recaudacion", "Recaudacion\Recaudacion.rptproj", "{9C5808BC-1B61-4D52-9B00-0074C6E651D2}"
EndProject
Global
	GlobalSection(SolutionConfigurationPlatforms) = preSolution
		Debug|Default = Debug|Default
		DebugLocal|Default = DebugLocal|Default
		Release|Default = Release|Default
	EndGlobalSection
	GlobalSection(ProjectConfigurationPlatforms) = postSolution
		{9C5808BC-1B61-4D52-9B00-0074C6E651D2}.Debug|Default.ActiveCfg = Debug
		{9C5808BC-1B61-4D52-9B00-0074C6E651D2}.Debug|Default.Build.0 = DebugLocal
		{9C5808BC-1B61-4D52-9B00-0074C6E651D2}.Debug|Default.Deploy.0 = DebugLocal
		{9C5808BC-1B61-4D52-9B00-0074C6E651D2}.DebugLocal|Default.ActiveCfg = DebugLocal
		{9C5808BC-1B61-4D52-9B00-0074C6E651D2}.DebugLocal|Default.Build.0 = DebugLocal
		{9C5808BC-1B61-4D52-9B00-0074C6E651D2}.Release|Default.ActiveCfg = Release
		{9C5808BC-1B61-4D52-9B00-0074C6E651D2}.Release|Default.Build.0 = Release
		{9C5808BC-1B61-4D52-9B00-0074C6E651D2}.Release|Default.Deploy.0 = Release
	EndGlobalSection
	GlobalSection(SolutionProperties) = preSolution
		HideSolutionNode = FALSE
	EndGlobalSection
EndGlobal
